// !$*UTF8*$!
{
	archiveVersion = 1;
	classes = {
	};
	objectVersion = 46;
	objects = {

/* Begin PBXBuildFile section */
		3C2887A71D87077000FC5D62 /* AppDelegate.swift in Sources */ = {isa = PBXBuildFile; fileRef = 3C2887A61D87077000FC5D62 /* AppDelegate.swift */; };
		3C2887A91D87077000FC5D62 /* ViewController.swift in Sources */ = {isa = PBXBuildFile; fileRef = 3C2887A81D87077000FC5D62 /* ViewController.swift */; };
		3C2887AC1D87077000FC5D62 /* Main.storyboard in Resources */ = {isa = PBXBuildFile; fileRef = 3C2887AA1D87077000FC5D62 /* Main.storyboard */; };
		3C2887AE1D87077000FC5D62 /* Assets.xcassets in Resources */ = {isa = PBXBuildFile; fileRef = 3C2887AD1D87077000FC5D62 /* Assets.xcassets */; };
		3C2887B11D87077000FC5D62 /* LaunchScreen.storyboard in Resources */ = {isa = PBXBuildFile; fileRef = 3C2887AF1D87077000FC5D62 /* LaunchScreen.storyboard */; };
		3C2887B61D87077000FC5D62 /* bussaWatch2 WatchKit App.app in Embed Watch Content */ = {isa = PBXBuildFile; fileRef = 3C2887B51D87077000FC5D62 /* bussaWatch2 WatchKit App.app */; };
		3C2887BC1D87077000FC5D62 /* Interface.storyboard in Resources */ = {isa = PBXBuildFile; fileRef = 3C2887BA1D87077000FC5D62 /* Interface.storyboard */; };
		3C2887BE1D87077000FC5D62 /* Assets.xcassets in Resources */ = {isa = PBXBuildFile; fileRef = 3C2887BD1D87077000FC5D62 /* Assets.xcassets */; };
		3C2887C51D87077000FC5D62 /* bussaWatch2 WatchKit Extension.appex in Embed App Extensions */ = {isa = PBXBuildFile; fileRef = 3C2887C41D87077000FC5D62 /* bussaWatch2 WatchKit Extension.appex */; settings = {ATTRIBUTES = (RemoveHeadersOnCopy, ); }; };
		3C2887CA1D87077000FC5D62 /* InterfaceController.swift in Sources */ = {isa = PBXBuildFile; fileRef = 3C2887C91D87077000FC5D62 /* InterfaceController.swift */; };
		3C2887CC1D87077000FC5D62 /* ExtensionDelegate.swift in Sources */ = {isa = PBXBuildFile; fileRef = 3C2887CB1D87077000FC5D62 /* ExtensionDelegate.swift */; };
		3C2887CE1D87077000FC5D62 /* Assets.xcassets in Resources */ = {isa = PBXBuildFile; fileRef = 3C2887CD1D87077000FC5D62 /* Assets.xcassets */; };
/* End PBXBuildFile section */

/* Begin PBXContainerItemProxy section */
		3C2887B71D87077000FC5D62 /* PBXContainerItemProxy */ = {
			isa = PBXContainerItemProxy;
			containerPortal = 3C28879B1D87076F00FC5D62 /* Project object */;
			proxyType = 1;
			remoteGlobalIDString = 3C2887B41D87077000FC5D62;
			remoteInfo = "bussaWatch2 WatchKit App";
		};
		3C2887C61D87077000FC5D62 /* PBXContainerItemProxy */ = {
			isa = PBXContainerItemProxy;
			containerPortal = 3C28879B1D87076F00FC5D62 /* Project object */;
			proxyType = 1;
			remoteGlobalIDString = 3C2887C31D87077000FC5D62;
			remoteInfo = "bussaWatch2 WatchKit Extension";
		};
/* End PBXContainerItemProxy section */

/* Begin PBXCopyFilesBuildPhase section */
		3C2887D51D87077000FC5D62 /* Embed App Extensions */ = {
			isa = PBXCopyFilesBuildPhase;
			buildActionMask = 2147483647;
			dstPath = "";
			dstSubfolderSpec = 13;
			files = (
				3C2887C51D87077000FC5D62 /* bussaWatch2 WatchKit Extension.appex in Embed App Extensions */,
			);
			name = "Embed App Extensions";
			runOnlyForDeploymentPostprocessing = 0;
		};
		3C2887D91D87077000FC5D62 /* Embed Watch Content */ = {
			isa = PBXCopyFilesBuildPhase;
			buildActionMask = 2147483647;
			dstPath = "$(CONTENTS_FOLDER_PATH)/Watch";
			dstSubfolderSpec = 16;
			files = (
				3C2887B61D87077000FC5D62 /* bussaWatch2 WatchKit App.app in Embed Watch Content */,
			);
			name = "Embed Watch Content";
			runOnlyForDeploymentPostprocessing = 0;
		};
/* End PBXCopyFilesBuildPhase section */

/* Begin PBXFileReference section */
		3C2887A31D87077000FC5D62 /* bussaWatch2.app */ = {isa = PBXFileReference; explicitFileType = wrapper.application; includeInIndex = 0; path = bussaWatch2.app; sourceTree = BUILT_PRODUCTS_DIR; };
		3C2887A61D87077000FC5D62 /* AppDelegate.swift */ = {isa = PBXFileReference; lastKnownFileType = sourcecode.swift; path = AppDelegate.swift; sourceTree = "<group>"; };
		3C2887A81D87077000FC5D62 /* ViewController.swift */ = {isa = PBXFileReference; lastKnownFileType = sourcecode.swift; path = ViewController.swift; sourceTree = "<group>"; };
		3C2887AB1D87077000FC5D62 /* Base */ = {isa = PBXFileReference; lastKnownFileType = file.storyboard; name = Base; path = Base.lproj/Main.storyboard; sourceTree = "<group>"; };
		3C2887AD1D87077000FC5D62 /* Assets.xcassets */ = {isa = PBXFileReference; lastKnownFileType = folder.assetcatalog; path = Assets.xcassets; sourceTree = "<group>"; };
		3C2887B01D87077000FC5D62 /* Base */ = {isa = PBXFileReference; lastKnownFileType = file.storyboard; name = Base; path = Base.lproj/LaunchScreen.storyboard; sourceTree = "<group>"; };
		3C2887B21D87077000FC5D62 /* Info.plist */ = {isa = PBXFileReference; lastKnownFileType = text.plist.xml; path = Info.plist; sourceTree = "<group>"; };
		3C2887B51D87077000FC5D62 /* bussaWatch2 WatchKit App.app */ = {isa = PBXFileReference; explicitFileType = wrapper.application; includeInIndex = 0; path = "bussaWatch2 WatchKit App.app"; sourceTree = BUILT_PRODUCTS_DIR; };
		3C2887BB1D87077000FC5D62 /* Base */ = {isa = PBXFileReference; lastKnownFileType = file.storyboard; name = Base; path = Base.lproj/Interface.storyboard; sourceTree = "<group>"; };
		3C2887BD1D87077000FC5D62 /* Assets.xcassets */ = {isa = PBXFileReference; lastKnownFileType = folder.assetcatalog; path = Assets.xcassets; sourceTree = "<group>"; };
		3C2887BF1D87077000FC5D62 /* Info.plist */ = {isa = PBXFileReference; lastKnownFileType = text.plist.xml; path = Info.plist; sourceTree = "<group>"; };
		3C2887C41D87077000FC5D62 /* bussaWatch2 WatchKit Extension.appex */ = {isa = PBXFileReference; explicitFileType = "wrapper.app-extension"; includeInIndex = 0; path = "bussaWatch2 WatchKit Extension.appex"; sourceTree = BUILT_PRODUCTS_DIR; };
		3C2887C91D87077000FC5D62 /* InterfaceController.swift */ = {isa = PBXFileReference; lastKnownFileType = sourcecode.swift; path = InterfaceController.swift; sourceTree = "<group>"; };
		3C2887CB1D87077000FC5D62 /* ExtensionDelegate.swift */ = {isa = PBXFileReference; lastKnownFileType = sourcecode.swift; path = ExtensionDelegate.swift; sourceTree = "<group>"; };
		3C2887CD1D87077000FC5D62 /* Assets.xcassets */ = {isa = PBXFileReference; lastKnownFileType = folder.assetcatalog; path = Assets.xcassets; sourceTree = "<group>"; };
		3C2887CF1D87077000FC5D62 /* Info.plist */ = {isa = PBXFileReference; lastKnownFileType = text.plist.xml; path = Info.plist; sourceTree = "<group>"; };
/* End PBXFileReference section */

/* Begin PBXFrameworksBuildPhase section */
		3C2887A01D87077000FC5D62 /* Frameworks */ = {
			isa = PBXFrameworksBuildPhase;
			buildActionMask = 2147483647;
			files = (
			);
			runOnlyForDeploymentPostprocessing = 0;
		};
		3C2887C11D87077000FC5D62 /* Frameworks */ = {
			isa = PBXFrameworksBuildPhase;
			buildActionMask = 2147483647;
			files = (
			);
			runOnlyForDeploymentPostprocessing = 0;
		};
/* End PBXFrameworksBuildPhase section */

/* Begin PBXGroup section */
		3C28879A1D87076F00FC5D62 = {
			isa = PBXGroup;
			children = (
				3C2887A51D87077000FC5D62 /* bussaWatch2 */,
				3C2887B91D87077000FC5D62 /* bussaWatch2 WatchKit App */,
				3C2887C81D87077000FC5D62 /* bussaWatch2 WatchKit Extension */,
				3C2887A41D87077000FC5D62 /* Products */,
			);
			sourceTree = "<group>";
		};
		3C2887A41D87077000FC5D62 /* Products */ = {
			isa = PBXGroup;
			children = (
				3C2887A31D87077000FC5D62 /* bussaWatch2.app */,
				3C2887B51D87077000FC5D62 /* bussaWatch2 WatchKit App.app */,
				3C2887C41D87077000FC5D62 /* bussaWatch2 WatchKit Extension.appex */,
			);
			name = Products;
			sourceTree = "<group>";
		};
		3C2887A51D87077000FC5D62 /* bussaWatch2 */ = {
			isa = PBXGroup;
			children = (
				3C2887A61D87077000FC5D62 /* AppDelegate.swift */,
				3C2887A81D87077000FC5D62 /* ViewController.swift */,
				3C2887AA1D87077000FC5D62 /* Main.storyboard */,
				3C2887AD1D87077000FC5D62 /* Assets.xcassets */,
				3C2887AF1D87077000FC5D62 /* LaunchScreen.storyboard */,
				3C2887B21D87077000FC5D62 /* Info.plist */,
			);
			path = bussaWatch2;
			sourceTree = "<group>";
		};
		3C2887B91D87077000FC5D62 /* bussaWatch2 WatchKit App */ = {
			isa = PBXGroup;
			children = (
				3C2887BA1D87077000FC5D62 /* Interface.storyboard */,
				3C2887BD1D87077000FC5D62 /* Assets.xcassets */,
				3C2887BF1D87077000FC5D62 /* Info.plist */,
			);
			path = "bussaWatch2 WatchKit App";
			sourceTree = "<group>";
		};
		3C2887C81D87077000FC5D62 /* bussaWatch2 WatchKit Extension */ = {
			isa = PBXGroup;
			children = (
				3C2887C91D87077000FC5D62 /* InterfaceController.swift */,
				3C2887CB1D87077000FC5D62 /* ExtensionDelegate.swift */,
				3C2887CD1D87077000FC5D62 /* Assets.xcassets */,
				3C2887CF1D87077000FC5D62 /* Info.plist */,
			);
			path = "bussaWatch2 WatchKit Extension";
			sourceTree = "<group>";
		};
/* End PBXGroup section */

/* Begin PBXNativeTarget section */
		3C2887A21D87077000FC5D62 /* bussaWatch2 */ = {
			isa = PBXNativeTarget;
			buildConfigurationList = 3C2887DA1D87077000FC5D62 /* Build configuration list for PBXNativeTarget "bussaWatch2" */;
			buildPhases = (
				3C28879F1D87077000FC5D62 /* Sources */,
				3C2887A01D87077000FC5D62 /* Frameworks */,
				3C2887A11D87077000FC5D62 /* Resources */,
				3C2887D91D87077000FC5D62 /* Embed Watch Content */,
			);
			buildRules = (
			);
			dependencies = (
				3C2887B81D87077000FC5D62 /* PBXTargetDependency */,
			);
			name = bussaWatch2;
			productName = bussaWatch2;
			productReference = 3C2887A31D87077000FC5D62 /* bussaWatch2.app */;
			productType = "com.apple.product-type.application";
		};
		3C2887B41D87077000FC5D62 /* bussaWatch2 WatchKit App */ = {
			isa = PBXNativeTarget;
			buildConfigurationList = 3C2887D61D87077000FC5D62 /* Build configuration list for PBXNativeTarget "bussaWatch2 WatchKit App" */;
			buildPhases = (
				3C2887B31D87077000FC5D62 /* Resources */,
				3C2887D51D87077000FC5D62 /* Embed App Extensions */,
			);
			buildRules = (
			);
			dependencies = (
				3C2887C71D87077000FC5D62 /* PBXTargetDependency */,
			);
			name = "bussaWatch2 WatchKit App";
			productName = "bussaWatch2 WatchKit App";
			productReference = 3C2887B51D87077000FC5D62 /* bussaWatch2 WatchKit App.app */;
			productType = "com.apple.product-type.application.watchapp2";
		};
		3C2887C31D87077000FC5D62 /* bussaWatch2 WatchKit Extension */ = {
			isa = PBXNativeTarget;
			buildConfigurationList = 3C2887D21D87077000FC5D62 /* Build configuration list for PBXNativeTarget "bussaWatch2 WatchKit Extension" */;
			buildPhases = (
				3C2887C01D87077000FC5D62 /* Sources */,
				3C2887C11D87077000FC5D62 /* Frameworks */,
				3C2887C21D87077000FC5D62 /* Resources */,
			);
			buildRules = (
			);
			dependencies = (
			);
			name = "bussaWatch2 WatchKit Extension";
			productName = "bussaWatch2 WatchKit Extension";
			productReference = 3C2887C41D87077000FC5D62 /* bussaWatch2 WatchKit Extension.appex */;
			productType = "com.apple.product-type.watchkit2-extension";
		};
/* End PBXNativeTarget section */

/* Begin PBXProject section */
		3C28879B1D87076F00FC5D62 /* Project object */ = {
			isa = PBXProject;
			attributes = {
				LastSwiftUpdateCheck = 0730;
				LastUpgradeCheck = 0730;
				ORGANIZATIONNAME = ginppian;
				TargetAttributes = {
					3C2887A21D87077000FC5D62 = {
						CreatedOnToolsVersion = 7.3.1;
					};
					3C2887B41D87077000FC5D62 = {
						CreatedOnToolsVersion = 7.3.1;
					};
					3C2887C31D87077000FC5D62 = {
						CreatedOnToolsVersion = 7.3.1;
					};
				};
			};
			buildConfigurationList = 3C28879E1D87076F00FC5D62 /* Build configuration list for PBXProject "bussaWatch2" */;
			compatibilityVersion = "Xcode 3.2";
			developmentRegion = English;
			hasScannedForEncodings = 0;
			knownRegions = (
				en,
				Base,
			);
			mainGroup = 3C28879A1D87076F00FC5D62;
			productRefGroup = 3C2887A41D87077000FC5D62 /* Products */;
			projectDirPath = "";
			projectRoot = "";
			targets = (
				3C2887A21D87077000FC5D62 /* bussaWatch2 */,
				3C2887B41D87077000FC5D62 /* bussaWatch2 WatchKit App */,
				3C2887C31D87077000FC5D62 /* bussaWatch2 WatchKit Extension */,
			);
		};
/* End PBXProject section */

/* Begin PBXResourcesBuildPhase section */
		3C2887A11D87077000FC5D62 /* Resources */ = {
			isa = PBXResourcesBuildPhase;
			buildActionMask = 2147483647;
			files = (
				3C2887B11D87077000FC5D62 /* LaunchScreen.storyboard in Resources */,
				3C2887AE1D87077000FC5D62 /* Assets.xcassets in Resources */,
				3C2887AC1D87077000FC5D62 /* Main.storyboard in Resources */,
			);
			runOnlyForDeploymentPostprocessing = 0;
		};
		3C2887B31D87077000FC5D62 /* Resources */ = {
			isa = PBXResourcesBuildPhase;
			buildActionMask = 2147483647;
			files = (
				3C2887BE1D87077000FC5D62 /* Assets.xcassets in Resources */,
				3C2887BC1D87077000FC5D62 /* Interface.storyboard in Resources */,
			);
			runOnlyForDeploymentPostprocessing = 0;
		};
		3C2887C21D87077000FC5D62 /* Resources */ = {
			isa = PBXResourcesBuildPhase;
			buildActionMask = 2147483647;
			files = (
				3C2887CE1D87077000FC5D62 /* Assets.xcassets in Resources */,
			);
			runOnlyForDeploymentPostprocessing = 0;
		};
/* End PBXResourcesBuildPhase section */

/* Begin PBXSourcesBuildPhase section */
		3C28879F1D87077000FC5D62 /* Sources */ = {
			isa = PBXSourcesBuildPhase;
			buildActionMask = 2147483647;
			files = (
				3C2887A91D87077000FC5D62 /* ViewController.swift in Sources */,
				3C2887A71D87077000FC5D62 /* AppDelegate.swift in Sources */,
			);
			runOnlyForDeploymentPostprocessing = 0;
		};
		3C2887C01D87077000FC5D62 /* Sources */ = {
			isa = PBXSourcesBuildPhase;
			buildActionMask = 2147483647;
			files = (
				3C2887CC1D87077000FC5D62 /* ExtensionDelegate.swift in Sources */,
				3C2887CA1D87077000FC5D62 /* InterfaceController.swift in Sources */,
			);
			runOnlyForDeploymentPostprocessing = 0;
		};
/* End PBXSourcesBuildPhase section */

/* Begin PBXTargetDependency section */
		3C2887B81D87077000FC5D62 /* PBXTargetDependency */ = {
			isa = PBXTargetDependency;
			target = 3C2887B41D87077000FC5D62 /* bussaWatch2 WatchKit App */;
			targetProxy = 3C2887B71D87077000FC5D62 /* PBXContainerItemProxy */;
		};
		3C2887C71D87077000FC5D62 /* PBXTargetDependency */ = {
			isa = PBXTargetDependency;
			target = 3C2887C31D87077000FC5D62 /* bussaWatch2 WatchKit Extension */;
			targetProxy = 3C2887C61D87077000FC5D62 /* PBXContainerItemProxy */;
		};
/* End PBXTargetDependency section */

/* Begin PBXVariantGroup section */
		3C2887AA1D87077000FC5D62 /* Main.storyboard */ = {
			isa = PBXVariantGroup;
			children = (
				3C2887AB1D87077000FC5D62 /* Base */,
			);
			name = Main.storyboard;
			sourceTree = "<group>";
		};
		3C2887AF1D87077000FC5D62 /* LaunchScreen.storyboard */ = {
			isa = PBXVariantGroup;
			children = (
				3C2887B01D87077000FC5D62 /* Base */,
			);
			name = LaunchScreen.storyboard;
			sourceTree = "<group>";
		};
		3C2887BA1D87077000FC5D62 /* Interface.storyboard */ = {
			isa = PBXVariantGroup;
			children = (
				3C2887BB1D87077000FC5D62 /* Base */,
			);
			name = Interface.storyboard;
			sourceTree = "<group>";
		};
/* End PBXVariantGroup section */

/* Begin XCBuildConfiguration section */
		3C2887D01D87077000FC5D62 /* Debug */ = {
			isa = XCBuildConfiguration;
			buildSettings = {
				ALWAYS_SEARCH_USER_PATHS = NO;
				CLANG_ANALYZER_NONNULL = YES;
				CLANG_CXX_LANGUAGE_STANDARD = "gnu++0x";
				CLANG_CXX_LIBRARY = "libc++";
				CLANG_ENABLE_MODULES = YES;
				CLANG_ENABLE_OBJC_ARC = YES;
				CLANG_WARN_BOOL_CONVERSION = YES;
				CLANG_WARN_CONSTANT_CONVERSION = YES;
				CLANG_WARN_DIRECT_OBJC_ISA_USAGE = YES_ERROR;
				CLANG_WARN_EMPTY_BODY = YES;
				CLANG_WARN_ENUM_CONVERSION = YES;
				CLANG_WARN_INT_CONVERSION = YES;
				CLANG_WARN_OBJC_ROOT_CLASS = YES_ERROR;
				CLANG_WARN_UNREACHABLE_CODE = YES;
				CLANG_WARN__DUPLICATE_METHOD_MATCH = YES;
				"CODE_SIGN_IDENTITY[sdk=iphoneos*]" = "iPhone Developer";
				COPY_PHASE_STRIP = NO;
				DEBUG_INFORMATION_FORMAT = dwarf;
				ENABLE_STRICT_OBJC_MSGSEND = YES;
				ENABLE_TESTABILITY = YES;
				GCC_C_LANGUAGE_STANDARD = gnu99;
				GCC_DYNAMIC_NO_PIC = NO;
				GCC_NO_COMMON_BLOCKS = YES;
				GCC_OPTIMIZATION_LEVEL = 0;
				GCC_PREPROCESSOR_DEFINITIONS = (
					"DEBUG=1",
					"$(inherited)",
				);
				GCC_WARN_64_TO_32_BIT_CONVERSION = YES;
				GCC_WARN_ABOUT_RETURN_TYPE = YES_ERROR;
				GCC_WARN_UNDECLARED_SELECTOR = YES;
				GCC_WARN_UNINITIALIZED_AUTOS = YES_AGGRESSIVE;
				GCC_WARN_UNUSED_FUNCTION = YES;
				GCC_WARN_UNUSED_VARIABLE = YES;
				IPHONEOS_DEPLOYMENT_TARGET = 9.3;
				MTL_ENABLE_DEBUG_INFO = YES;
				ONLY_ACTIVE_ARCH = YES;
				SDKROOT = iphoneos;
				SWIFT_OPTIMIZATION_LEVEL = "-Onone";
			};
			name = Debug;
		};
		3C2887D11D87077000FC5D62 /* Release */ = {
			isa = XCBuildConfiguration;
			buildSettings = {
				ALWAYS_SEARCH_USER_PATHS = NO;
				CLANG_ANALYZER_NONNULL = YES;
				CLANG_CXX_LANGUAGE_STANDARD = "gnu++0x";
				CLANG_CXX_LIBRARY = "libc++";
				CLANG_ENABLE_MODULES = YES;
				CLANG_ENABLE_OBJC_ARC = YES;
				CLANG_WARN_BOOL_CONVERSION = YES;
				CLANG_WARN_CONSTANT_CONVERSION = YES;
				CLANG_WARN_DIRECT_OBJC_ISA_USAGE = YES_ERROR;
				CLANG_WARN_EMPTY_BODY = YES;
				CLANG_WARN_ENUM_CONVERSION = YES;
				CLANG_WARN_INT_CONVERSION = YES;
				CLANG_WARN_OBJC_ROOT_CLASS = YES_ERROR;
				CLANG_WARN_UNREACHABLE_CODE = YES;
				CLANG_WARN__DUPLICATE_METHOD_MATCH = YES;
				"CODE_SIGN_IDENTITY[sdk=iphoneos*]" = "iPhone Developer";
				COPY_PHASE_STRIP = NO;
				DEBUG_INFORMATION_FORMAT = "dwarf-with-dsym";
				ENABLE_NS_ASSERTIONS = NO;
				ENABLE_STRICT_OBJC_MSGSEND = YES;
				GCC_C_LANGUAGE_STANDARD = gnu99;
				GCC_NO_COMMON_BLOCKS = YES;
				GCC_WARN_64_TO_32_BIT_CONVERSION = YES;
				GCC_WARN_ABOUT_RETURN_TYPE = YES_ERROR;
				GCC_WARN_UNDECLARED_SELECTOR = YES;
				GCC_WARN_UNINITIALIZED_AUTOS = YES_AGGRESSIVE;
				GCC_WARN_UNUSED_FUNCTION = YES;
				GCC_WARN_UNUSED_VARIABLE = YES;
				IPHONEOS_DEPLOYMENT_TARGET = 9.3;
				MTL_ENABLE_DEBUG_INFO = NO;
				SDKROOT = iphoneos;
				VALIDATE_PRODUCT = YES;
			};
			name = Release;
		};
		3C2887D31D87077000FC5D62 /* Debug */ = {
			isa = XCBuildConfiguration;
			buildSettings = {
				INFOPLIST_FILE = "bussaWatch2 WatchKit Extension/Info.plist";
				LD_RUNPATH_SEARCH_PATHS = "$(inherited) @executable_path/Frameworks @executable_path/../../Frameworks";
				PRODUCT_BUNDLE_IDENTIFIER = nutsystems.mx.bussaWatch2.watchkitapp.watchkitextension;
				PRODUCT_NAME = "${TARGET_NAME}";
				SDKROOT = watchos;
				SKIP_INSTALL = YES;
				TARGETED_DEVICE_FAMILY = 4;
				WATCHOS_DEPLOYMENT_TARGET = 2.2;
			};
			name = Debug;
		};
		3C2887D41D87077000FC5D62 /* Release */ = {
			isa = XCBuildConfiguration;
			buildSettings = {
				INFOPLIST_FILE = "bussaWatch2 WatchKit Extension/Info.plist";
				LD_RUNPATH_SEARCH_PATHS = "$(inherited) @executable_path/Frameworks @executable_path/../../Frameworks";
				PRODUCT_BUNDLE_IDENTIFIER = nutsystems.mx.bussaWatch2.watchkitapp.watchkitextension;
				PRODUCT_NAME = "${TARGET_NAME}";
				SDKROOT = watchos;
				SKIP_INSTALL = YES;
				TARGETED_DEVICE_FAMILY = 4;
				WATCHOS_DEPLOYMENT_TARGET = 2.2;
			};
			name = Release;
		};
		3C2887D71D87077000FC5D62 /* Debug */ = {
			isa = XCBuildConfiguration;
			buildSettings = {
				ASSETCATALOG_COMPILER_APPICON_NAME = AppIcon;
				EMBEDDED_CONTENT_CONTAINS_SWIFT = YES;
				IBSC_MODULE = bussaWatch2_WatchKit_Extension;
				INFOPLIST_FILE = "bussaWatch2 WatchKit App/Info.plist";
				PRODUCT_BUNDLE_IDENTIFIER = nutsystems.mx.bussaWatch2.watchkitapp;
				PRODUCT_NAME = "$(TARGET_NAME)";
				SDKROOT = watchos;
				SKIP_INSTALL = YES;
				TARGETED_DEVICE_FAMILY = 4;
				WATCHOS_DEPLOYMENT_TARGET = 2.2;
			};
			name = Debug;
		};
		3C2887D81D87077000FC5D62 /* Release */ = {
			isa = XCBuildConfiguration;
			buildSettings = {
				ASSETCATALOG_COMPILER_APPICON_NAME = AppIcon;
				EMBEDDED_CONTENT_CONTAINS_SWIFT = YES;
				IBSC_MODULE = bussaWatch2_WatchKit_Extension;
				INFOPLIST_FILE = "bussaWatch2 WatchKit App/Info.plist";
				PRODUCT_BUNDLE_IDENTIFIER = nutsystems.mx.bussaWatch2.watchkitapp;
				PRODUCT_NAME = "$(TARGET_NAME)";
				SDKROOT = watchos;
				SKIP_INSTALL = YES;
				TARGETED_DEVICE_FAMILY = 4;
				WATCHOS_DEPLOYMENT_TARGET = 2.2;
			};
			name = Release;
		};
		3C2887DB1D87077000FC5D62 /* Debug */ = {
			isa = XCBuildConfiguration;
			buildSettings = {
				ASSETCATALOG_COMPILER_APPICON_NAME = AppIcon;
				INFOPLIST_FILE = bussaWatch2/Info.plist;
				LD_RUNPATH_SEARCH_PATHS = "$(inherited) @executable_path/Frameworks";
				PRODUCT_BUNDLE_IDENTIFIER = nutsystems.mx.bussaWatch2;
				PRODUCT_NAME = "$(TARGET_NAME)";
			};
			name = Debug;
		};
		3C2887DC1D87077000FC5D62 /* Release */ = {
			isa = XCBuildConfiguration;
			buildSettings = {
				ASSETCATALOG_COMPILER_APPICON_NAME = AppIcon;
				INFOPLIST_FILE = bussaWatch2/Info.plist;
				LD_RUNPATH_SEARCH_PATHS = "$(inherited) @executable_path/Frameworks";
				PRODUCT_BUNDLE_IDENTIFIER = nutsystems.mx.bussaWatch2;
				PRODUCT_NAME = "$(TARGET_NAME)";
			};
			name = Release;
		};
/* End XCBuildConfiguration section */

/* Begin XCConfigurationList section */
		3C28879E1D87076F00FC5D62 /* Build configuration list for PBXProject "bussaWatch2" */ = {
			isa = XCConfigurationList;
			buildConfigurations = (
				3C2887D01D87077000FC5D62 /* Debug */,
				3C2887D11D87077000FC5D62 /* Release */,
			);
			defaultConfigurationIsVisible = 0;
			defaultConfigurationName = Release;
		};
		3C2887D21D87077000FC5D62 /* Build configuration list for PBXNativeTarget "bussaWatch2 WatchKit Extension" */ = {
			isa = XCConfigurationList;
			buildConfigurations = (
				3C2887D31D87077000FC5D62 /* Debug */,
				3C2887D41D87077000FC5D62 /* Release */,
			);
			defaultConfigurationIsVisible = 0;
		};
		3C2887D61D87077000FC5D62 /* Build configuration list for PBXNativeTarget "bussaWatch2 WatchKit App" */ = {
			isa = XCConfigurationList;
			buildConfigurations = (
				3C2887D71D87077000FC5D62 /* Debug */,
				3C2887D81D87077000FC5D62 /* Release */,
			);
			defaultConfigurationIsVisible = 0;
		};
		3C2887DA1D87077000FC5D62 /* Build configuration list for PBXNativeTarget "bussaWatch2" */ = {
			isa = XCConfigurationList;
			buildConfigurations = (
				3C2887DB1D87077000FC5D62 /* Debug */,
				3C2887DC1D87077000FC5D62 /* Release */,
			);
			defaultConfigurationIsVisible = 0;
		};
/* End XCConfigurationList section */
	};
	rootObject = 3C28879B1D87076F00FC5D62 /* Project object */;
}
